// !$*UTF8*$!
{
	archiveVersion = 1;
	classes = {
	};
	objectVersion = 48;
	objects = {

/* Begin PBXBuildFile section */
		CB0DAF1C1FDD348C004668A1 /* AffUIViewController.swift in Sources */ = {isa = PBXBuildFile; fileRef = CB0DAF1B1FDD348C004668A1 /* AffUIViewController.swift */; };
		CB0DAF1E1FDD354D004668A1 /* RoundedUIButton.swift in Sources */ = {isa = PBXBuildFile; fileRef = CB0DAF1D1FDD354D004668A1 /* RoundedUIButton.swift */; };
		CB0DAF201FDD554C004668A1 /* USResultsViewController.swift in Sources */ = {isa = PBXBuildFile; fileRef = CB0DAF1F1FDD554C004668A1 /* USResultsViewController.swift */; };
		CB0DAF221FDD5C63004668A1 /* USEmojiViewController.swift in Sources */ = {isa = PBXBuildFile; fileRef = CB0DAF211FDD5C63004668A1 /* USEmojiViewController.swift */; };
		CB0DAF241FDD6352004668A1 /* USAnnotateViewController.swift in Sources */ = {isa = PBXBuildFile; fileRef = CB0DAF231FDD6352004668A1 /* USAnnotateViewController.swift */; };
		CB0DAF281FDD6646004668A1 /* SlideHorSegue.swift in Sources */ = {isa = PBXBuildFile; fileRef = CB0DAF271FDD6646004668A1 /* SlideHorSegue.swift */; };
		CB0DAF2C1FDD685E004668A1 /* USStartViewController.swift in Sources */ = {isa = PBXBuildFile; fileRef = CB0DAF2B1FDD685E004668A1 /* USStartViewController.swift */; };
		CB0DAF2E1FDD7497004668A1 /* USFinishViewController.swift in Sources */ = {isa = PBXBuildFile; fileRef = CB0DAF2D1FDD7497004668A1 /* USFinishViewController.swift */; };
		CB0DAF301FDD9597004668A1 /* BorderedImageView.swift in Sources */ = {isa = PBXBuildFile; fileRef = CB0DAF2F1FDD9597004668A1 /* BorderedImageView.swift */; };
		CB418F5B1FDC563800E48EF3 /* HCSStarRatingView.m in Sources */ = {isa = PBXBuildFile; fileRef = CB418F591FDC563700E48EF3 /* HCSStarRatingView.m */; };
		CB6ADA771FDB0E3900D36D22 /* ResultsViewController.swift in Sources */ = {isa = PBXBuildFile; fileRef = CB6ADA761FDB0E3900D36D22 /* ResultsViewController.swift */; };
		CB94A7082091FF610012A040 /* MobAffNetR.mlmodel in Sources */ = {isa = PBXBuildFile; fileRef = CB94A7062091FF610012A040 /* MobAffNetR.mlmodel */; };
		CB94A7092091FF610012A040 /* MobAffNetC.mlmodel in Sources */ = {isa = PBXBuildFile; fileRef = CB94A7072091FF610012A040 /* MobAffNetC.mlmodel */; };
		CBB8703C1FDAA373004557D9 /* AppDelegate.swift in Sources */ = {isa = PBXBuildFile; fileRef = CBB8703B1FDAA373004557D9 /* AppDelegate.swift */; };
		CBB8703E1FDAA373004557D9 /* ViewController.swift in Sources */ = {isa = PBXBuildFile; fileRef = CBB8703D1FDAA373004557D9 /* ViewController.swift */; };
		CBB870411FDAA373004557D9 /* Main.storyboard in Resources */ = {isa = PBXBuildFile; fileRef = CBB8703F1FDAA373004557D9 /* Main.storyboard */; };
		CBB870431FDAA373004557D9 /* Assets.xcassets in Resources */ = {isa = PBXBuildFile; fileRef = CBB870421FDAA373004557D9 /* Assets.xcassets */; };
		CBB870461FDAA373004557D9 /* LaunchScreen.storyboard in Resources */ = {isa = PBXBuildFile; fileRef = CBB870441FDAA373004557D9 /* LaunchScreen.storyboard */; };
/* End PBXBuildFile section */

/* Begin PBXContainerItemProxy section */
		CBB8704D1FDAA373004557D9 /* PBXContainerItemProxy */ = {
			isa = PBXContainerItemProxy;
			containerPortal = CBB870301FDAA373004557D9 /* Project object */;
			proxyType = 1;
			remoteGlobalIDString = CBB870371FDAA373004557D9;
			remoteInfo = "aff-song";
		};
		CBB870581FDAA373004557D9 /* PBXContainerItemProxy */ = {
			isa = PBXContainerItemProxy;
			containerPortal = CBB870301FDAA373004557D9 /* Project object */;
			proxyType = 1;
			remoteGlobalIDString = CBB870371FDAA373004557D9;
			remoteInfo = "aff-song";
		};
/* End PBXContainerItemProxy section */

/* Begin PBXFileReference section */
		CB0DAF1B1FDD348C004668A1 /* AffUIViewController.swift */ = {isa = PBXFileReference; lastKnownFileType = sourcecode.swift; path = AffUIViewController.swift; sourceTree = "<group>"; };
		CB0DAF1D1FDD354D004668A1 /* RoundedUIButton.swift */ = {isa = PBXFileReference; lastKnownFileType = sourcecode.swift; path = RoundedUIButton.swift; sourceTree = "<group>"; };
		CB0DAF1F1FDD554C004668A1 /* USResultsViewController.swift */ = {isa = PBXFileReference; lastKnownFileType = sourcecode.swift; path = USResultsViewController.swift; sourceTree = "<group>"; };
		CB0DAF211FDD5C63004668A1 /* USEmojiViewController.swift */ = {isa = PBXFileReference; lastKnownFileType = sourcecode.swift; path = USEmojiViewController.swift; sourceTree = "<group>"; };
		CB0DAF231FDD6352004668A1 /* USAnnotateViewController.swift */ = {isa = PBXFileReference; lastKnownFileType = sourcecode.swift; path = USAnnotateViewController.swift; sourceTree = "<group>"; };
		CB0DAF271FDD6646004668A1 /* SlideHorSegue.swift */ = {isa = PBXFileReference; lastKnownFileType = sourcecode.swift; path = SlideHorSegue.swift; sourceTree = "<group>"; };
		CB0DAF2B1FDD685E004668A1 /* USStartViewController.swift */ = {isa = PBXFileReference; lastKnownFileType = sourcecode.swift; path = USStartViewController.swift; sourceTree = "<group>"; };
		CB0DAF2D1FDD7497004668A1 /* USFinishViewController.swift */ = {isa = PBXFileReference; lastKnownFileType = sourcecode.swift; path = USFinishViewController.swift; sourceTree = "<group>"; };
		CB0DAF2F1FDD9597004668A1 /* BorderedImageView.swift */ = {isa = PBXFileReference; lastKnownFileType = sourcecode.swift; path = BorderedImageView.swift; sourceTree = "<group>"; };
		CB418F581FDC563500E48EF3 /* aff-song-Bridging-Header.h */ = {isa = PBXFileReference; lastKnownFileType = sourcecode.c.h; path = "aff-song-Bridging-Header.h"; sourceTree = "<group>"; };
		CB418F591FDC563700E48EF3 /* HCSStarRatingView.m */ = {isa = PBXFileReference; fileEncoding = 4; lastKnownFileType = sourcecode.c.objc; path = HCSStarRatingView.m; sourceTree = "<group>"; };
		CB418F5A1FDC563800E48EF3 /* HCSStarRatingView.h */ = {isa = PBXFileReference; fileEncoding = 4; lastKnownFileType = sourcecode.c.h; path = HCSStarRatingView.h; sourceTree = "<group>"; };
		CB6ADA761FDB0E3900D36D22 /* ResultsViewController.swift */ = {isa = PBXFileReference; lastKnownFileType = sourcecode.swift; path = ResultsViewController.swift; sourceTree = "<group>"; };
		CB94A7062091FF610012A040 /* MobAffNetR.mlmodel */ = {isa = PBXFileReference; lastKnownFileType = file.mlmodel; path = MobAffNetR.mlmodel; sourceTree = "<group>"; };
		CB94A7072091FF610012A040 /* MobAffNetC.mlmodel */ = {isa = PBXFileReference; lastKnownFileType = file.mlmodel; path = MobAffNetC.mlmodel; sourceTree = "<group>"; };
		CBB870381FDAA373004557D9 /* aff-song.app */ = {isa = PBXFileReference; explicitFileType = wrapper.application; includeInIndex = 0; path = "aff-song.app"; sourceTree = BUILT_PRODUCTS_DIR; };
		CBB8703B1FDAA373004557D9 /* AppDelegate.swift */ = {isa = PBXFileReference; lastKnownFileType = sourcecode.swift; path = AppDelegate.swift; sourceTree = "<group>"; };
		CBB8703D1FDAA373004557D9 /* ViewController.swift */ = {isa = PBXFileReference; lastKnownFileType = sourcecode.swift; path = ViewController.swift; sourceTree = "<group>"; };
		CBB870401FDAA373004557D9 /* Base */ = {isa = PBXFileReference; lastKnownFileType = file.storyboard; name = Base; path = Base.lproj/Main.storyboard; sourceTree = "<group>"; };
		CBB870421FDAA373004557D9 /* Assets.xcassets */ = {isa = PBXFileReference; lastKnownFileType = folder.assetcatalog; path = Assets.xcassets; sourceTree = "<group>"; };
		CBB870451FDAA373004557D9 /* Base */ = {isa = PBXFileReference; lastKnownFileType = file.storyboard; name = Base; path = Base.lproj/LaunchScreen.storyboard; sourceTree = "<group>"; };
		CBB870471FDAA373004557D9 /* Info.plist */ = {isa = PBXFileReference; lastKnownFileType = text.plist.xml; path = Info.plist; sourceTree = "<group>"; };
		CBB8704C1FDAA373004557D9 /* aff-songTests.xctest */ = {isa = PBXFileReference; explicitFileType = wrapper.cfbundle; includeInIndex = 0; path = "aff-songTests.xctest"; sourceTree = BUILT_PRODUCTS_DIR; };
		CBB870571FDAA373004557D9 /* aff-songUITests.xctest */ = {isa = PBXFileReference; explicitFileType = wrapper.cfbundle; includeInIndex = 0; path = "aff-songUITests.xctest"; sourceTree = BUILT_PRODUCTS_DIR; };
/* End PBXFileReference section */

/* Begin PBXFrameworksBuildPhase section */
		CBB870351FDAA373004557D9 /* Frameworks */ = {
			isa = PBXFrameworksBuildPhase;
			buildActionMask = 2147483647;
			files = (
			);
			runOnlyForDeploymentPostprocessing = 0;
		};
		CBB870491FDAA373004557D9 /* Frameworks */ = {
			isa = PBXFrameworksBuildPhase;
			buildActionMask = 2147483647;
			files = (
			);
			runOnlyForDeploymentPostprocessing = 0;
		};
		CBB870541FDAA373004557D9 /* Frameworks */ = {
			isa = PBXFrameworksBuildPhase;
			buildActionMask = 2147483647;
			files = (
			);
			runOnlyForDeploymentPostprocessing = 0;
		};
/* End PBXFrameworksBuildPhase section */

/* Begin PBXGroup section */
		CB0DAF311FDD99D1004668A1 /* Style */ = {
			isa = PBXGroup;
			children = (
				CB0DAF1B1FDD348C004668A1 /* AffUIViewController.swift */,
				CB418F5A1FDC563800E48EF3 /* HCSStarRatingView.h */,
				CB418F591FDC563700E48EF3 /* HCSStarRatingView.m */,
				CB0DAF271FDD6646004668A1 /* SlideHorSegue.swift */,
				CB0DAF2F1FDD9597004668A1 /* BorderedImageView.swift */,
				CB0DAF1D1FDD354D004668A1 /* RoundedUIButton.swift */,
			);
			path = Style;
			sourceTree = "<group>";
		};
		CB0DAF321FDD99F8004668A1 /* UserStudy */ = {
			isa = PBXGroup;
			children = (
				CB0DAF1F1FDD554C004668A1 /* USResultsViewController.swift */,
				CB0DAF211FDD5C63004668A1 /* USEmojiViewController.swift */,
				CB0DAF231FDD6352004668A1 /* USAnnotateViewController.swift */,
				CB0DAF2B1FDD685E004668A1 /* USStartViewController.swift */,
				CB0DAF2D1FDD7497004668A1 /* USFinishViewController.swift */,
			);
			path = UserStudy;
			sourceTree = "<group>";
		};
		CBB8702F1FDAA373004557D9 = {
			isa = PBXGroup;
			children = (
				CBB8703A1FDAA373004557D9 /* aff-song */,
				CBB870391FDAA373004557D9 /* Products */,
			);
			sourceTree = "<group>";
		};
		CBB870391FDAA373004557D9 /* Products */ = {
			isa = PBXGroup;
			children = (
				CBB870381FDAA373004557D9 /* aff-song.app */,
				CBB8704C1FDAA373004557D9 /* aff-songTests.xctest */,
				CBB870571FDAA373004557D9 /* aff-songUITests.xctest */,
			);
			name = Products;
			sourceTree = "<group>";
		};
		CBB8703A1FDAA373004557D9 /* aff-song */ = {
			isa = PBXGroup;
			children = (
				CB0DAF321FDD99F8004668A1 /* UserStudy */,
				CB0DAF311FDD99D1004668A1 /* Style */,
				CB6ADA761FDB0E3900D36D22 /* ResultsViewController.swift */,
				CBB8703B1FDAA373004557D9 /* AppDelegate.swift */,
				CBB8703D1FDAA373004557D9 /* ViewController.swift */,
				CBB8703F1FDAA373004557D9 /* Main.storyboard */,
				CBB870421FDAA373004557D9 /* Assets.xcassets */,
				CBB870441FDAA373004557D9 /* LaunchScreen.storyboard */,
				CBB870471FDAA373004557D9 /* Info.plist */,
				CB418F581FDC563500E48EF3 /* aff-song-Bridging-Header.h */,
				CB94A7072091FF610012A040 /* MobAffNetC.mlmodel */,
				CB94A7062091FF610012A040 /* MobAffNetR.mlmodel */,
			);
			path = "aff-song";
			sourceTree = "<group>";
		};
/* End PBXGroup section */

/* Begin PBXNativeTarget section */
		CBB870371FDAA373004557D9 /* aff-song */ = {
			isa = PBXNativeTarget;
			buildConfigurationList = CBB870601FDAA373004557D9 /* Build configuration list for PBXNativeTarget "aff-song" */;
			buildPhases = (
				CBB870341FDAA373004557D9 /* Sources */,
				CBB870351FDAA373004557D9 /* Frameworks */,
				CBB870361FDAA373004557D9 /* Resources */,
			);
			buildRules = (
			);
			dependencies = (
			);
			name = "aff-song";
			productName = "aff-song";
			productReference = CBB870381FDAA373004557D9 /* aff-song.app */;
			productType = "com.apple.product-type.application";
		};
		CBB8704B1FDAA373004557D9 /* aff-songTests */ = {
			isa = PBXNativeTarget;
			buildConfigurationList = CBB870631FDAA373004557D9 /* Build configuration list for PBXNativeTarget "aff-songTests" */;
			buildPhases = (
				CBB870481FDAA373004557D9 /* Sources */,
				CBB870491FDAA373004557D9 /* Frameworks */,
				CBB8704A1FDAA373004557D9 /* Resources */,
			);
			buildRules = (
			);
			dependencies = (
				CBB8704E1FDAA373004557D9 /* PBXTargetDependency */,
			);
			name = "aff-songTests";
			productName = "aff-songTests";
			productReference = CBB8704C1FDAA373004557D9 /* aff-songTests.xctest */;
			productType = "com.apple.product-type.bundle.unit-test";
		};
		CBB870561FDAA373004557D9 /* aff-songUITests */ = {
			isa = PBXNativeTarget;
			buildConfigurationList = CBB870661FDAA373004557D9 /* Build configuration list for PBXNativeTarget "aff-songUITests" */;
			buildPhases = (
				CBB870531FDAA373004557D9 /* Sources */,
				CBB870541FDAA373004557D9 /* Frameworks */,
				CBB870551FDAA373004557D9 /* Resources */,
			);
			buildRules = (
			);
			dependencies = (
				CBB870591FDAA373004557D9 /* PBXTargetDependency */,
			);
			name = "aff-songUITests";
			productName = "aff-songUITests";
			productReference = CBB870571FDAA373004557D9 /* aff-songUITests.xctest */;
			productType = "com.apple.product-type.bundle.ui-testing";
		};
/* End PBXNativeTarget section */

/* Begin PBXProject section */
		CBB870301FDAA373004557D9 /* Project object */ = {
			isa = PBXProject;
			attributes = {
				LastSwiftUpdateCheck = 0920;
				LastUpgradeCheck = 0930;
				ORGANIZATIONNAME = "Charlie Hewitt";
				TargetAttributes = {
					CBB870371FDAA373004557D9 = {
						CreatedOnToolsVersion = 9.2;
						LastSwiftMigration = 0920;
						ProvisioningStyle = Automatic;
					};
					CBB8704B1FDAA373004557D9 = {
						CreatedOnToolsVersion = 9.2;
						ProvisioningStyle = Automatic;
						TestTargetID = CBB870371FDAA373004557D9;
					};
					CBB870561FDAA373004557D9 = {
						CreatedOnToolsVersion = 9.2;
						ProvisioningStyle = Automatic;
						TestTargetID = CBB870371FDAA373004557D9;
					};
				};
			};
			buildConfigurationList = CBB870331FDAA373004557D9 /* Build configuration list for PBXProject "aff-song" */;
			compatibilityVersion = "Xcode 8.0";
			developmentRegion = en;
			hasScannedForEncodings = 0;
			knownRegions = (
				en,
				Base,
			);
			mainGroup = CBB8702F1FDAA373004557D9;
			productRefGroup = CBB870391FDAA373004557D9 /* Products */;
			projectDirPath = "";
			projectRoot = "";
			targets = (
				CBB870371FDAA373004557D9 /* aff-song */,
				CBB8704B1FDAA373004557D9 /* aff-songTests */,
				CBB870561FDAA373004557D9 /* aff-songUITests */,
			);
		};
/* End PBXProject section */

/* Begin PBXResourcesBuildPhase section */
		CBB870361FDAA373004557D9 /* Resources */ = {
			isa = PBXResourcesBuildPhase;
			buildActionMask = 2147483647;
			files = (
				CBB870461FDAA373004557D9 /* LaunchScreen.storyboard in Resources */,
				CBB870431FDAA373004557D9 /* Assets.xcassets in Resources */,
				CBB870411FDAA373004557D9 /* Main.storyboard in Resources */,
			);
			runOnlyForDeploymentPostprocessing = 0;
		};
		CBB8704A1FDAA373004557D9 /* Resources */ = {
			isa = PBXResourcesBuildPhase;
			buildActionMask = 2147483647;
			files = (
			);
			runOnlyForDeploymentPostprocessing = 0;
		};
		CBB870551FDAA373004557D9 /* Resources */ = {
			isa = PBXResourcesBuildPhase;
			buildActionMask = 2147483647;
			files = (
			);
			runOnlyForDeploymentPostprocessing = 0;
		};
/* End PBXResourcesBuildPhase section */

/* Begin PBXSourcesBuildPhase section */
		CBB870341FDAA373004557D9 /* Sources */ = {
			isa = PBXSourcesBuildPhase;
			buildActionMask = 2147483647;
			files = (
				CB0DAF301FDD9597004668A1 /* BorderedImageView.swift in Sources */,
				CBB8703E1FDAA373004557D9 /* ViewController.swift in Sources */,
				CB0DAF221FDD5C63004668A1 /* USEmojiViewController.swift in Sources */,
				CBB8703C1FDAA373004557D9 /* AppDelegate.swift in Sources */,
				CB0DAF281FDD6646004668A1 /* SlideHorSegue.swift in Sources */,
				CB0DAF241FDD6352004668A1 /* USAnnotateViewController.swift in Sources */,
				CB0DAF1C1FDD348C004668A1 /* AffUIViewController.swift in Sources */,
				CB418F5B1FDC563800E48EF3 /* HCSStarRatingView.m in Sources */,
				CB6ADA771FDB0E3900D36D22 /* ResultsViewController.swift in Sources */,
				CB0DAF201FDD554C004668A1 /* USResultsViewController.swift in Sources */,
				CB94A7092091FF610012A040 /* MobAffNetC.mlmodel in Sources */,
				CB0DAF1E1FDD354D004668A1 /* RoundedUIButton.swift in Sources */,
				CB0DAF2C1FDD685E004668A1 /* USStartViewController.swift in Sources */,
				CB94A7082091FF610012A040 /* MobAffNetR.mlmodel in Sources */,
				CB0DAF2E1FDD7497004668A1 /* USFinishViewController.swift in Sources */,
			);
			runOnlyForDeploymentPostprocessing = 0;
		};
		CBB870481FDAA373004557D9 /* Sources */ = {
			isa = PBXSourcesBuildPhase;
			buildActionMask = 2147483647;
			files = (
			);
			runOnlyForDeploymentPostprocessing = 0;
		};
		CBB870531FDAA373004557D9 /* Sources */ = {
			isa = PBXSourcesBuildPhase;
			buildActionMask = 2147483647;
			files = (
			);
			runOnlyForDeploymentPostprocessing = 0;
		};
/* End PBXSourcesBuildPhase section */

/* Begin PBXTargetDependency section */
		CBB8704E1FDAA373004557D9 /* PBXTargetDependency */ = {
			isa = PBXTargetDependency;
			target = CBB870371FDAA373004557D9 /* aff-song */;
			targetProxy = CBB8704D1FDAA373004557D9 /* PBXContainerItemProxy */;
		};
		CBB870591FDAA373004557D9 /* PBXTargetDependency */ = {
			isa = PBXTargetDependency;
			target = CBB870371FDAA373004557D9 /* aff-song */;
			targetProxy = CBB870581FDAA373004557D9 /* PBXContainerItemProxy */;
		};
/* End PBXTargetDependency section */

/* Begin PBXVariantGroup section */
		CBB8703F1FDAA373004557D9 /* Main.storyboard */ = {
			isa = PBXVariantGroup;
			children = (
				CBB870401FDAA373004557D9 /* Base */,
			);
			name = Main.storyboard;
			sourceTree = "<group>";
		};
		CBB870441FDAA373004557D9 /* LaunchScreen.storyboard */ = {
			isa = PBXVariantGroup;
			children = (
				CBB870451FDAA373004557D9 /* Base */,
			);
			name = LaunchScreen.storyboard;
			sourceTree = "<group>";
		};
/* End PBXVariantGroup section */

/* Begin XCBuildConfiguration section */
		CBB8705E1FDAA373004557D9 /* Debug */ = {
			isa = XCBuildConfiguration;
			buildSettings = {
				ALWAYS_SEARCH_USER_PATHS = NO;
				CLANG_ANALYZER_NONNULL = YES;
				CLANG_ANALYZER_NUMBER_OBJECT_CONVERSION = YES_AGGRESSIVE;
				CLANG_CXX_LANGUAGE_STANDARD = "gnu++14";
				CLANG_CXX_LIBRARY = "libc++";
				CLANG_ENABLE_MODULES = YES;
				CLANG_ENABLE_OBJC_ARC = YES;
				CLANG_WARN_BLOCK_CAPTURE_AUTORELEASING = YES;
				CLANG_WARN_BOOL_CONVERSION = YES;
				CLANG_WARN_COMMA = YES;
				CLANG_WARN_CONSTANT_CONVERSION = YES;
				CLANG_WARN_DEPRECATED_OBJC_IMPLEMENTATIONS = YES;
				CLANG_WARN_DIRECT_OBJC_ISA_USAGE = YES_ERROR;
				CLANG_WARN_DOCUMENTATION_COMMENTS = YES;
				CLANG_WARN_EMPTY_BODY = YES;
				CLANG_WARN_ENUM_CONVERSION = YES;
				CLANG_WARN_INFINITE_RECURSION = YES;
				CLANG_WARN_INT_CONVERSION = YES;
				CLANG_WARN_NON_LITERAL_NULL_CONVERSION = YES;
				CLANG_WARN_OBJC_IMPLICIT_RETAIN_SELF = YES;
				CLANG_WARN_OBJC_LITERAL_CONVERSION = YES;
				CLANG_WARN_OBJC_ROOT_CLASS = YES_ERROR;
				CLANG_WARN_RANGE_LOOP_ANALYSIS = YES;
				CLANG_WARN_STRICT_PROTOTYPES = YES;
				CLANG_WARN_SUSPICIOUS_MOVE = YES;
				CLANG_WARN_UNGUARDED_AVAILABILITY = YES_AGGRESSIVE;
				CLANG_WARN_UNREACHABLE_CODE = YES;
				CLANG_WARN__DUPLICATE_METHOD_MATCH = YES;
				CODE_SIGN_IDENTITY = "iPhone Developer";
				COPY_PHASE_STRIP = NO;
				DEBUG_INFORMATION_FORMAT = dwarf;
				ENABLE_STRICT_OBJC_MSGSEND = YES;
				ENABLE_TESTABILITY = YES;
				GCC_C_LANGUAGE_STANDARD = gnu11;
				GCC_DYNAMIC_NO_PIC = NO;
				GCC_NO_COMMON_BLOCKS = YES;
				GCC_OPTIMIZATION_LEVEL = 0;
				GCC_PREPROCESSOR_DEFINITIONS = (
					"DEBUG=1",
					"$(inherited)",
				);
				GCC_WARN_64_TO_32_BIT_CONVERSION = YES;
				GCC_WARN_ABOUT_RETURN_TYPE = YES_ERROR;
				GCC_WARN_UNDECLARED_SELECTOR = YES;
				GCC_WARN_UNINITIALIZED_AUTOS = YES_AGGRESSIVE;
				GCC_WARN_UNUSED_FUNCTION = YES;
				GCC_WARN_UNUSED_VARIABLE = YES;
				IPHONEOS_DEPLOYMENT_TARGET = 11.2;
				MTL_ENABLE_DEBUG_INFO = YES;
				ONLY_ACTIVE_ARCH = YES;
				SDKROOT = iphoneos;
				SWIFT_ACTIVE_COMPILATION_CONDITIONS = DEBUG;
				SWIFT_OPTIMIZATION_LEVEL = "-Onone";
			};
			name = Debug;
		};
		CBB8705F1FDAA373004557D9 /* Release */ = {
			isa = XCBuildConfiguration;
			buildSettings = {
				ALWAYS_SEARCH_USER_PATHS = NO;
				CLANG_ANALYZER_NONNULL = YES;
				CLANG_ANALYZER_NUMBER_OBJECT_CONVERSION = YES_AGGRESSIVE;
				CLANG_CXX_LANGUAGE_STANDARD = "gnu++14";
				CLANG_CXX_LIBRARY = "libc++";
				CLANG_ENABLE_MODULES = YES;
				CLANG_ENABLE_OBJC_ARC = YES;
				CLANG_WARN_BLOCK_CAPTURE_AUTORELEASING = YES;
				CLANG_WARN_BOOL_CONVERSION = YES;
				CLANG_WARN_COMMA = YES;
				CLANG_WARN_CONSTANT_CONVERSION = YES;
				CLANG_WARN_DEPRECATED_OBJC_IMPLEMENTATIONS = YES;
				CLANG_WARN_DIRECT_OBJC_ISA_USAGE = YES_ERROR;
				CLANG_WARN_DOCUMENTATION_COMMENTS = YES;
				CLANG_WARN_EMPTY_BODY = YES;
				CLANG_WARN_ENUM_CONVERSION = YES;
				CLANG_WARN_INFINITE_RECURSION = YES;
				CLANG_WARN_INT_CONVERSION = YES;
				CLANG_WARN_NON_LITERAL_NULL_CONVERSION = YES;
				CLANG_WARN_OBJC_IMPLICIT_RETAIN_SELF = YES;
				CLANG_WARN_OBJC_LITERAL_CONVERSION = YES;
				CLANG_WARN_OBJC_ROOT_CLASS = YES_ERROR;
				CLANG_WARN_RANGE_LOOP_ANALYSIS = YES;
				CLANG_WARN_STRICT_PROTOTYPES = YES;
				CLANG_WARN_SUSPICIOUS_MOVE = YES;
				CLANG_WARN_UNGUARDED_AVAILABILITY = YES_AGGRESSIVE;
				CLANG_WARN_UNREACHABLE_CODE = YES;
				CLANG_WARN__DUPLICATE_METHOD_MATCH = YES;
				CODE_SIGN_IDENTITY = "iPhone Developer";
				COPY_PHASE_STRIP = NO;
				DEBUG_INFORMATION_FORMAT = "dwarf-with-dsym";
				ENABLE_NS_ASSERTIONS = NO;
				ENABLE_STRICT_OBJC_MSGSEND = YES;
				GCC_C_LANGUAGE_STANDARD = gnu11;
				GCC_NO_COMMON_BLOCKS = YES;
				GCC_WARN_64_TO_32_BIT_CONVERSION = YES;
				GCC_WARN_ABOUT_RETURN_TYPE = YES_ERROR;
				GCC_WARN_UNDECLARED_SELECTOR = YES;
				GCC_WARN_UNINITIALIZED_AUTOS = YES_AGGRESSIVE;
				GCC_WARN_UNUSED_FUNCTION = YES;
				GCC_WARN_UNUSED_VARIABLE = YES;
				IPHONEOS_DEPLOYMENT_TARGET = 11.2;
				MTL_ENABLE_DEBUG_INFO = NO;
				SDKROOT = iphoneos;
				SWIFT_OPTIMIZATION_LEVEL = "-Owholemodule";
				VALIDATE_PRODUCT = YES;
			};
			name = Release;
		};
		CBB870611FDAA373004557D9 /* Debug */ = {
			isa = XCBuildConfiguration;
			buildSettings = {
				ALWAYS_EMBED_SWIFT_STANDARD_LIBRARIES = YES;
				ASSETCATALOG_COMPILER_APPICON_NAME = AppIcon;
				CLANG_ENABLE_MODULES = YES;
				CODE_SIGN_STYLE = Automatic;
				DEVELOPMENT_TEAM = T386P97R96;
				INFOPLIST_FILE = "aff-song/Info.plist";
				IPHONEOS_DEPLOYMENT_TARGET = 11.2;
				LD_RUNPATH_SEARCH_PATHS = "$(inherited) @executable_path/Frameworks";
				PRODUCT_BUNDLE_IDENTIFIER = me.chewitt.emosic;
				PRODUCT_NAME = "$(TARGET_NAME)";
				SWIFT_OBJC_BRIDGING_HEADER = "aff-song/aff-song-Bridging-Header.h";
				SWIFT_OPTIMIZATION_LEVEL = "-Onone";
				SWIFT_VERSION = 4.0;
				TARGETED_DEVICE_FAMILY = 1;
			};
			name = Debug;
		};
		CBB870621FDAA373004557D9 /* Release */ = {
			isa = XCBuildConfiguration;
			buildSettings = {
				ALWAYS_EMBED_SWIFT_STANDARD_LIBRARIES = YES;
				ASSETCATALOG_COMPILER_APPICON_NAME = AppIcon;
				CLANG_ENABLE_MODULES = YES;
				CODE_SIGN_STYLE = Automatic;
				DEVELOPMENT_TEAM = T386P97R96;
				INFOPLIST_FILE = "aff-song/Info.plist";
				IPHONEOS_DEPLOYMENT_TARGET = 11.2;
				LD_RUNPATH_SEARCH_PATHS = "$(inherited) @executable_path/Frameworks";
				PRODUCT_BUNDLE_IDENTIFIER = me.chewitt.emosic;
				PRODUCT_NAME = "$(TARGET_NAME)";
				SWIFT_OBJC_BRIDGING_HEADER = "aff-song/aff-song-Bridging-Header.h";
				SWIFT_VERSION = 4.0;
				TARGETED_DEVICE_FAMILY = 1;
			};
			name = Release;
		};
		CBB870641FDAA373004557D9 /* Debug */ = {
			isa = XCBuildConfiguration;
			buildSettings = {
				ALWAYS_EMBED_SWIFT_STANDARD_LIBRARIES = YES;
				BUNDLE_LOADER = "$(TEST_HOST)";
				CODE_SIGN_STYLE = Automatic;
				INFOPLIST_FILE = "aff-songTests/Info.plist";
				LD_RUNPATH_SEARCH_PATHS = "$(inherited) @executable_path/Frameworks @loader_path/Frameworks";
				PRODUCT_BUNDLE_IDENTIFIER = "me.chewitt.aff-songTests";
				PRODUCT_NAME = "$(TARGET_NAME)";
				SWIFT_VERSION = 4.0;
				TARGETED_DEVICE_FAMILY = "1,2";
				TEST_HOST = "$(BUILT_PRODUCTS_DIR)/aff-song.app/aff-song";
			};
			name = Debug;
		};
		CBB870651FDAA373004557D9 /* Release */ = {
			isa = XCBuildConfiguration;
			buildSettings = {
				ALWAYS_EMBED_SWIFT_STANDARD_LIBRARIES = YES;
				BUNDLE_LOADER = "$(TEST_HOST)";
				CODE_SIGN_STYLE = Automatic;
				INFOPLIST_FILE = "aff-songTests/Info.plist";
				LD_RUNPATH_SEARCH_PATHS = "$(inherited) @executable_path/Frameworks @loader_path/Frameworks";
				PRODUCT_BUNDLE_IDENTIFIER = "me.chewitt.aff-songTests";
				PRODUCT_NAME = "$(TARGET_NAME)";
				SWIFT_VERSION = 4.0;
				TARGETED_DEVICE_FAMILY = "1,2";
				TEST_HOST = "$(BUILT_PRODUCTS_DIR)/aff-song.app/aff-song";
			};
			name = Release;
		};
		CBB870671FDAA373004557D9 /* Debug */ = {
			isa = XCBuildConfiguration;
			buildSettings = {
				ALWAYS_EMBED_SWIFT_STANDARD_LIBRARIES = YES;
				CODE_SIGN_STYLE = Automatic;
				INFOPLIST_FILE = "aff-songUITests/Info.plist";
				LD_RUNPATH_SEARCH_PATHS = "$(inherited) @executable_path/Frameworks @loader_path/Frameworks";
				PRODUCT_BUNDLE_IDENTIFIER = "me.chewitt.aff-songUITests";
				PRODUCT_NAME = "$(TARGET_NAME)";
				SWIFT_VERSION = 4.0;
				TARGETED_DEVICE_FAMILY = "1,2";
				TEST_TARGET_NAME = "aff-song";
			};
			name = Debug;
		};
		CBB870681FDAA373004557D9 /* Release */ = {
			isa = XCBuildConfiguration;
			buildSettings = {
				ALWAYS_EMBED_SWIFT_STANDARD_LIBRARIES = YES;
				CODE_SIGN_STYLE = Automatic;
				INFOPLIST_FILE = "aff-songUITests/Info.plist";
				LD_RUNPATH_SEARCH_PATHS = "$(inherited) @executable_path/Frameworks @loader_path/Frameworks";
				PRODUCT_BUNDLE_IDENTIFIER = "me.chewitt.aff-songUITests";
				PRODUCT_NAME = "$(TARGET_NAME)";
				SWIFT_VERSION = 4.0;
				TARGETED_DEVICE_FAMILY = "1,2";
				TEST_TARGET_NAME = "aff-song";
			};
			name = Release;
		};
/* End XCBuildConfiguration section */

/* Begin XCConfigurationList section */
		CBB870331FDAA373004557D9 /* Build configuration list for PBXProject "aff-song" */ = {
			isa = XCConfigurationList;
			buildConfigurations = (
				CBB8705E1FDAA373004557D9 /* Debug */,
				CBB8705F1FDAA373004557D9 /* Release */,
			);
			defaultConfigurationIsVisible = 0;
			defaultConfigurationName = Release;
		};
		CBB870601FDAA373004557D9 /* Build configuration list for PBXNativeTarget "aff-song" */ = {
			isa = XCConfigurationList;
			buildConfigurations = (
				CBB870611FDAA373004557D9 /* Debug */,
				CBB870621FDAA373004557D9 /* Release */,
			);
			defaultConfigurationIsVisible = 0;
			defaultConfigurationName = Release;
		};
		CBB870631FDAA373004557D9 /* Build configuration list for PBXNativeTarget "aff-songTests" */ = {
			isa = XCConfigurationList;
			buildConfigurations = (
				CBB870641FDAA373004557D9 /* Debug */,
				CBB870651FDAA373004557D9 /* Release */,
			);
			defaultConfigurationIsVisible = 0;
			defaultConfigurationName = Release;
		};
		CBB870661FDAA373004557D9 /* Build configuration list for PBXNativeTarget "aff-songUITests" */ = {
			isa = XCConfigurationList;
			buildConfigurations = (
				CBB870671FDAA373004557D9 /* Debug */,
				CBB870681FDAA373004557D9 /* Release */,
			);
			defaultConfigurationIsVisible = 0;
			defaultConfigurationName = Release;
		};
/* End XCConfigurationList section */
	};
	rootObject = CBB870301FDAA373004557D9 /* Project object */;
}
